
Microsoft Visual Studio Solution File, Format Version 12.00
# Visual Studio Version 16
VisualStudioVersion = 16.0.30011.22
MinimumVisualStudioVersion = 10.0.40219.1
Project("{9A19103F-16F7-4668-BE54-9A1E7A4F7556}") = "Corner2CornerClient", "Corner2CornerClient\Corner2CornerClient.csproj", "{9198FCBC-3BF8-42EA-AE71-486DB1FE3009}"
EndProject
Project("{9A19103F-16F7-4668-BE54-9A1E7A4F7556}") = "FF.Corner2Corner.Lib", "FF.Crochet.Lib\FF.Corner2Corner.Lib.csproj", "{03A93B1D-983F-49C2-9D86-5E97E529AE03}"
EndProject
Project("{9A19103F-16F7-4668-BE54-9A1E7A4F7556}") = "FF.Temperature.Lib", "FF.Temperature.Lib\FF.Temperature.Lib.csproj", "{471965C7-577F-421C-A33B-B3AB1938A361}"
EndProject
Project("{9A19103F-16F7-4668-BE54-9A1E7A4F7556}") = "TemperatureClient", "TemperatureClient\TemperatureClient.csproj", "{6BCD74B4-1076-48BC-8B15-D68DA8F4426A}"
EndProject
Project("{2150E333-8FDC-42A3-9474-1A3956D46DE8}") = "Corner2Corner", "Corner2Corner", "{7C73C3B3-E4A0-48E4-82AF-5D7025B6D2C0}"
EndProject
Project("{2150E333-8FDC-42A3-9474-1A3956D46DE8}") = "TemperatureBlankets", "TemperatureBlankets", "{F6A44F50-AC07-4ADA-AAC2-CBC7AE3201AA}"
EndProject
Project("{9A19103F-16F7-4668-BE54-9A1E7A4F7556}") = "FF.Common", "FF.Common\FF.Common.csproj", "{E4D0502F-A85B-4892-89F1-4986E278565E}"
EndProject
Global
	GlobalSection(SolutionConfigurationPlatforms) = preSolution
		Debug|Any CPU = Debug|Any CPU
		Debug|x64 = Debug|x64
		Debug|x86 = Debug|x86
		Release|Any CPU = Release|Any CPU
		Release|x64 = Release|x64
		Release|x86 = Release|x86
	EndGlobalSection
	GlobalSection(ProjectConfigurationPlatforms) = postSolution
		{9198FCBC-3BF8-42EA-AE71-486DB1FE3009}.Debug|Any CPU.ActiveCfg = Debug|Any CPU
		{9198FCBC-3BF8-42EA-AE71-486DB1FE3009}.Debug|Any CPU.Build.0 = Debug|Any CPU
		{9198FCBC-3BF8-42EA-AE71-486DB1FE3009}.Debug|x64.ActiveCfg = Debug|Any CPU
		{9198FCBC-3BF8-42EA-AE71-486DB1FE3009}.Debug|x64.Build.0 = Debug|Any CPU
		{9198FCBC-3BF8-42EA-AE71-486DB1FE3009}.Debug|x86.ActiveCfg = Debug|Any CPU
		{9198FCBC-3BF8-42EA-AE71-486DB1FE3009}.Debug|x86.Build.0 = Debug|Any CPU
		{9198FCBC-3BF8-42EA-AE71-486DB1FE3009}.Release|Any CPU.ActiveCfg = Release|Any CPU
		{9198FCBC-3BF8-42EA-AE71-486DB1FE3009}.Release|Any CPU.Build.0 = Release|Any CPU
		{9198FCBC-3BF8-42EA-AE71-486DB1FE3009}.Release|x64.ActiveCfg = Release|Any CPU
		{9198FCBC-3BF8-42EA-AE71-486DB1FE3009}.Release|x64.Build.0 = Release|Any CPU
		{9198FCBC-3BF8-42EA-AE71-486DB1FE3009}.Release|x86.ActiveCfg = Release|Any CPU
		{9198FCBC-3BF8-42EA-AE71-486DB1FE3009}.Release|x86.Build.0 = Release|Any CPU
		{03A93B1D-983F-49C2-9D86-5E97E529AE03}.Debug|Any CPU.ActiveCfg = Debug|Any CPU
		{03A93B1D-983F-49C2-9D86-5E97E529AE03}.Debug|Any CPU.Build.0 = Debug|Any CPU
		{03A93B1D-983F-49C2-9D86-5E97E529AE03}.Debug|x64.ActiveCfg = Debug|Any CPU
		{03A93B1D-983F-49C2-9D86-5E97E529AE03}.Debug|x64.Build.0 = Debug|Any CPU
		{03A93B1D-983F-49C2-9D86-5E97E529AE03}.Debug|x86.ActiveCfg = Debug|Any CPU
		{03A93B1D-983F-49C2-9D86-5E97E529AE03}.Debug|x86.Build.0 = Debug|Any CPU
		{03A93B1D-983F-49C2-9D86-5E97E529AE03}.Release|Any CPU.ActiveCfg = Release|Any CPU
		{03A93B1D-983F-49C2-9D86-5E97E529AE03}.Release|Any CPU.Build.0 = Release|Any CPU
		{03A93B1D-983F-49C2-9D86-5E97E529AE03}.Release|x64.ActiveCfg = Release|Any CPU
		{03A93B1D-983F-49C2-9D86-5E97E529AE03}.Release|x64.Build.0 = Release|Any CPU
		{03A93B1D-983F-49C2-9D86-5E97E529AE03}.Release|x86.ActiveCfg = Release|Any CPU
		{03A93B1D-983F-49C2-9D86-5E97E529AE03}.Release|x86.Build.0 = Release|Any CPU
		{471965C7-577F-421C-A33B-B3AB1938A361}.Debug|Any CPU.ActiveCfg = Debug|x86
		{471965C7-577F-421C-A33B-B3AB1938A361}.Debug|Any CPU.Build.0 = Debug|x86
		{471965C7-577F-421C-A33B-B3AB1938A361}.Debug|x64.ActiveCfg = Debug|Any CPU
		{471965C7-577F-421C-A33B-B3AB1938A361}.Debug|x64.Build.0 = Debug|Any CPU
		{471965C7-577F-421C-A33B-B3AB1938A361}.Debug|x86.ActiveCfg = Debug|x86
		{471965C7-577F-421C-A33B-B3AB1938A361}.Debug|x86.Build.0 = Debug|x86
		{471965C7-577F-421C-A33B-B3AB1938A361}.Release|Any CPU.ActiveCfg = Release|x86
		{471965C7-577F-421C-A33B-B3AB1938A361}.Release|Any CPU.Build.0 = Release|x86
		{471965C7-577F-421C-A33B-B3AB1938A361}.Release|x64.ActiveCfg = Release|Any CPU
		{471965C7-577F-421C-A33B-B3AB1938A361}.Release|x64.Build.0 = Release|Any CPU
		{471965C7-577F-421C-A33B-B3AB1938A361}.Release|x86.ActiveCfg = Release|x86
		{471965C7-577F-421C-A33B-B3AB1938A361}.Release|x86.Build.0 = Release|x86
		{6BCD74B4-1076-48BC-8B15-D68DA8F4426A}.Debug|Any CPU.ActiveCfg = Debug|x86
		{6BCD74B4-1076-48BC-8B15-D68DA8F4426A}.Debug|Any CPU.Build.0 = Debug|x86
		{6BCD74B4-1076-48BC-8B15-D68DA8F4426A}.Debug|x64.ActiveCfg = Debug|Any CPU
		{6BCD74B4-1076-48BC-8B15-D68DA8F4426A}.Debug|x64.Build.0 = Debug|Any CPU
		{6BCD74B4-1076-48BC-8B15-D68DA8F4426A}.Debug|x86.ActiveCfg = Debug|x86
		{6BCD74B4-1076-48BC-8B15-D68DA8F4426A}.Debug|x86.Build.0 = Debug|x86
		{6BCD74B4-1076-48BC-8B15-D68DA8F4426A}.Release|Any CPU.ActiveCfg = Release|x86
		{6BCD74B4-1076-48BC-8B15-D68DA8F4426A}.Release|Any CPU.Build.0 = Release|x86
		{6BCD74B4-1076-48BC-8B15-D68DA8F4426A}.Release|x64.ActiveCfg = Release|Any CPU
		{6BCD74B4-1076-48BC-8B15-D68DA8F4426A}.Release|x64.Build.0 = Release|Any CPU
		{6BCD74B4-1076-48BC-8B15-D68DA8F4426A}.Release|x86.ActiveCfg = Release|x86
		{6BCD74B4-1076-48BC-8B15-D68DA8F4426A}.Release|x86.Build.0 = Release|x86
		{E4D0502F-A85B-4892-89F1-4986E278565E}.Debug|Any CPU.ActiveCfg = Debug|Any CPU
		{E4D0502F-A85B-4892-89F1-4986E278565E}.Debug|Any CPU.Build.0 = Debug|Any CPU
		{E4D0502F-A85B-4892-89F1-4986E278565E}.Debug|x64.ActiveCfg = Debug|Any CPU
		{E4D0502F-A85B-4892-89F1-4986E278565E}.Debug|x64.Build.0 = Debug|Any CPU
		{E4D0502F-A85B-4892-89F1-4986E278565E}.Debug|x86.ActiveCfg = Debug|Any CPU
		{E4D0502F-A85B-4892-89F1-4986E278565E}.Debug|x86.Build.0 = Debug|Any CPU
		{E4D0502F-A85B-4892-89F1-4986E278565E}.Release|Any CPU.ActiveCfg = Release|Any CPU
		{E4D0502F-A85B-4892-89F1-4986E278565E}.Release|Any CPU.Build.0 = Release|Any CPU
		{E4D0502F-A85B-4892-89F1-4986E278565E}.Release|x64.ActiveCfg = Release|Any CPU
		{E4D0502F-A85B-4892-89F1-4986E278565E}.Release|x64.Build.0 = Release|Any CPU
		{E4D0502F-A85B-4892-89F1-4986E278565E}.Release|x86.ActiveCfg = Release|Any CPU
		{E4D0502F-A85B-4892-89F1-4986E278565E}.Release|x86.Build.0 = Release|Any CPU
	EndGlobalSection
	GlobalSection(SolutionProperties) = preSolution
		HideSolutionNode = FALSE
	EndGlobalSection
	GlobalSection(NestedProjects) = preSolution
		{9198FCBC-3BF8-42EA-AE71-486DB1FE3009} = {7C73C3B3-E4A0-48E4-82AF-5D7025B6D2C0}
		{03A93B1D-983F-49C2-9D86-5E97E529AE03} = {7C73C3B3-E4A0-48E4-82AF-5D7025B6D2C0}
		{471965C7-577F-421C-A33B-B3AB1938A361} = {F6A44F50-AC07-4ADA-AAC2-CBC7AE3201AA}
		{6BCD74B4-1076-48BC-8B15-D68DA8F4426A} = {F6A44F50-AC07-4ADA-AAC2-CBC7AE3201AA}
	EndGlobalSection
	GlobalSection(ExtensibilityGlobals) = postSolution
		SolutionGuid = {03CDD717-E567-4A81-937A-09CE2015D73C}
	EndGlobalSection
EndGlobal
